
Microsoft Visual Studio Solution File, Format Version 12.00
# Visual Studio Version 17
VisualStudioVersion = 17.2.32516.85
MinimumVisualStudioVersion = 10.0.40219.1
Project("{9A19103F-16F7-4668-BE54-9A1E7A4F7556}") = "MysqlApi", "MysqlApi\MysqlApi.csproj", "{5423A665-9932-4598-8F8F-837F2FFCCF07}"
EndProject
Project("{9A19103F-16F7-4668-BE54-9A1E7A4F7556}") = "PostgresqlApi", "PostgresqlApi\PostgresqlApi.csproj", "{8DA0A416-4D9B-4531-BB18-E3A48239B83A}"
EndProject
Project("{E53339B2-1760-4266-BCC7-CA923CBCF16C}") = "docker-compose", "docker-compose.dcproj", "{2CA4A5BE-962E-408B-955D-580242A7FC81}"
EndProject
Project("{2150E333-8FDC-42A3-9474-1A3956D46DE8}") = "Elementos de la solución", "Elementos de la solución", "{3F7681C6-C6A8-4AF6-B866-F290C7DDE433}"
	ProjectSection(SolutionItems) = preProject
		Envoy\Dockerfile = Envoy\Dockerfile
		Envoy\envoy.yaml = Envoy\envoy.yaml
	EndProjectSection
EndProject
Global
	GlobalSection(SolutionConfigurationPlatforms) = preSolution
		Debug|Any CPU = Debug|Any CPU
		Release|Any CPU = Release|Any CPU
	EndGlobalSection
	GlobalSection(ProjectConfigurationPlatforms) = postSolution
		{5423A665-9932-4598-8F8F-837F2FFCCF07}.Debug|Any CPU.ActiveCfg = Debug|Any CPU
		{5423A665-9932-4598-8F8F-837F2FFCCF07}.Debug|Any CPU.Build.0 = Debug|Any CPU
		{5423A665-9932-4598-8F8F-837F2FFCCF07}.Release|Any CPU.ActiveCfg = Release|Any CPU
		{5423A665-9932-4598-8F8F-837F2FFCCF07}.Release|Any CPU.Build.0 = Release|Any CPU
		{8DA0A416-4D9B-4531-BB18-E3A48239B83A}.Debug|Any CPU.ActiveCfg = Debug|Any CPU
		{8DA0A416-4D9B-4531-BB18-E3A48239B83A}.Debug|Any CPU.Build.0 = Debug|Any CPU
		{8DA0A416-4D9B-4531-BB18-E3A48239B83A}.Release|Any CPU.ActiveCfg = Release|Any CPU
		{8DA0A416-4D9B-4531-BB18-E3A48239B83A}.Release|Any CPU.Build.0 = Release|Any CPU
		{2CA4A5BE-962E-408B-955D-580242A7FC81}.Debug|Any CPU.ActiveCfg = Debug|Any CPU
		{2CA4A5BE-962E-408B-955D-580242A7FC81}.Debug|Any CPU.Build.0 = Debug|Any CPU
		{2CA4A5BE-962E-408B-955D-580242A7FC81}.Release|Any CPU.ActiveCfg = Release|Any CPU
		{2CA4A5BE-962E-408B-955D-580242A7FC81}.Release|Any CPU.Build.0 = Release|Any CPU
	EndGlobalSection
	GlobalSection(SolutionProperties) = preSolution
		HideSolutionNode = FALSE
	EndGlobalSection
	GlobalSection(ExtensibilityGlobals) = postSolution
		SolutionGuid = {B2569359-BC35-40C8-8DD0-A1EE842BD35D}
	EndGlobalSection
EndGlobal
